{
	"name": "zanlive-client-uniapp",
	"version": "1.0.3",
	"lockfileVersion": 3,
	"requires": true,
	"packages": {
		"": {
			"name": "zanlive-client-uniapp",
			"version": "1.0.3",
			"dependencies": {
				"flv.js": "^1.6.2",
				"howler": "^2.2.3",
				"svgaplayer-weapp": "^1.0.0",
				"svgaplayerweb": "^2.3.2"
			}
		},
		"node_modules/es6-promise": {
			"version": "4.2.8",
			"resolved": "https://registry.npmjs.org/es6-promise/-/es6-promise-4.2.8.tgz",
			"integrity": "sha512-HJDGx5daxeIvxdBxvG2cb9g4tEvwIk3i8+nhX0yGrYmZUzbkdg8QbDevheDB8gd0//uPj4c1EQua8Q+MViT0/w=="
		},
		"node_modules/flv.js": {
			"version": "1.6.2",
			"resolved": "https://registry.npmjs.org/flv.js/-/flv.js-1.6.2.tgz",
			"integrity": "sha512-xre4gUbX1MPtgQRKj2pxJENp/RnaHaxYvy3YToVVCrSmAWUu85b9mug6pTXF6zakUjNP2lFWZ1rkSX7gxhB/2A==",
			"dependencies": {
				"es6-promise": "^4.2.8",
				"webworkify-webpack": "^2.1.5"
			}
		},
		"node_modules/howler": {
			"version": "2.2.4",
			"resolved": "https://registry.npmjs.org/howler/-/howler-2.2.4.tgz",
			"integrity": "sha512-iARIBPgcQrwtEr+tALF+rapJ8qSc+Set2GJQl7xT1MQzWaVkFebdJhR3alVlSiUf5U7nAANKuj3aWpwerocD5w=="
		},
		"node_modules/svgaplayer-weapp": {
			"version": "1.0.0",
			"resolved": "https://registry.npmjs.org/svgaplayer-weapp/-/svgaplayer-weapp-1.0.0.tgz",
			"integrity": "sha512-zH3y9rBHcvoRVsKwuuiRQkOP0cPeyFMxz9NJQZF+uvqwH7uO/LKLS0vEvjrRh2WhfynoXWsxxSTzWpc4Ix2cJw=="
		},
		"node_modules/svgaplayerweb": {
			"version": "2.3.2",
			"resolved": "https://registry.npmjs.org/svgaplayerweb/-/svgaplayerweb-2.3.2.tgz",
			"integrity": "sha512-QuTvNIgy3W6Mi4h74SczEHUtAwb8m3ax7Ai7xRLUuN6hjJh49RGtWOWq1IuF2I7ECcl0HAYn8FcTn99UDz9UiQ=="
		},
		"node_modules/webworkify-webpack": {
			"version": "2.1.5",
			"resolved": "https://registry.npmjs.org/webworkify-webpack/-/webworkify-webpack-2.1.5.tgz",
			"integrity": "sha512-2akF8FIyUvbiBBdD+RoHpoTbHMQF2HwjcxfDvgztAX5YwbZNyrtfUMgvfgFVsgDhDPVTlkbb5vyasqDHfIDPQw=="
		}
	}
}
